// !$*UTF8*$!
{
	archiveVersion = 1;
	classes = {
	};
	objectVersion = 52;
	objects = {

/* Begin PBXBuildFile section */
		B27BE2122492F54400ED66B4 /* AppDelegate.swift in Sources */ = {isa = PBXBuildFile; fileRef = B27BE2112492F54400ED66B4 /* AppDelegate.swift */; };
		B27BE2142492F54400ED66B4 /* SceneDelegate.swift in Sources */ = {isa = PBXBuildFile; fileRef = B27BE2132492F54400ED66B4 /* SceneDelegate.swift */; };
		B27BE2162492F54400ED66B4 /* FirstViewController.swift in Sources */ = {isa = PBXBuildFile; fileRef = B27BE2152492F54400ED66B4 /* FirstViewController.swift */; };
		B27BE2192492F54400ED66B4 /* Main.storyboard in Resources */ = {isa = PBXBuildFile; fileRef = B27BE2172492F54400ED66B4 /* Main.storyboard */; };
		B27BE21B2492F54500ED66B4 /* Assets.xcassets in Resources */ = {isa = PBXBuildFile; fileRef = B27BE21A2492F54500ED66B4 /* Assets.xcassets */; };
		B27BE21E2492F54500ED66B4 /* LaunchScreen.storyboard in Resources */ = {isa = PBXBuildFile; fileRef = B27BE21C2492F54500ED66B4 /* LaunchScreen.storyboard */; };
		B27BE2262493018C00ED66B4 /* FinanceDocument.swift in Sources */ = {isa = PBXBuildFile; fileRef = B27BE2252493018C00ED66B4 /* FinanceDocument.swift */; };
		B27BE2292493028C00ED66B4 /* SwiftSoup in Frameworks */ = {isa = PBXBuildFile; productRef = B27BE2282493028C00ED66B4 /* SwiftSoup */; };
		B27BE22B24943CF100ED66B4 /* deleteBalanceSheetDocument.swift in Sources */ = {isa = PBXBuildFile; fileRef = B27BE22A24943CF100ED66B4 /* deleteBalanceSheetDocument.swift */; };
		B27BE22D24943D2100ED66B4 /* deleteCashFlowStatementDocument.swift in Sources */ = {isa = PBXBuildFile; fileRef = B27BE22C24943D2100ED66B4 /* deleteCashFlowStatementDocument.swift */; };
		B27BE22F24943D3F00ED66B4 /* deleteCompanyProfileDocument.swift in Sources */ = {isa = PBXBuildFile; fileRef = B27BE22E24943D3F00ED66B4 /* deleteCompanyProfileDocument.swift */; };
		B27BE23124943DA300ED66B4 /* SecondViewController.swift in Sources */ = {isa = PBXBuildFile; fileRef = B27BE23024943DA300ED66B4 /* SecondViewController.swift */; };
		B27BE23324943DB800ED66B4 /* ThirdViewController.swift in Sources */ = {isa = PBXBuildFile; fileRef = B27BE23224943DB800ED66B4 /* ThirdViewController.swift */; };
		B27BE23524943DCA00ED66B4 /* FourthViewController.swift in Sources */ = {isa = PBXBuildFile; fileRef = B27BE23424943DCA00ED66B4 /* FourthViewController.swift */; };
		B27BE2A52495D23C00ED66B4 /* deleteTabBarController.swift in Sources */ = {isa = PBXBuildFile; fileRef = B27BE2A42495D23C00ED66B4 /* deleteTabBarController.swift */; };
		B27BE2A72496D2B400ED66B4 /* FifthViewController.swift in Sources */ = {isa = PBXBuildFile; fileRef = B27BE2A62496D2B400ED66B4 /* FifthViewController.swift */; };
/* End PBXBuildFile section */

/* Begin PBXFileReference section */
		B27BE20E2492F54400ED66B4 /* NewFinance.app */ = {isa = PBXFileReference; explicitFileType = wrapper.application; includeInIndex = 0; path = NewFinance.app; sourceTree = BUILT_PRODUCTS_DIR; };
		B27BE2112492F54400ED66B4 /* AppDelegate.swift */ = {isa = PBXFileReference; lastKnownFileType = sourcecode.swift; path = AppDelegate.swift; sourceTree = "<group>"; };
		B27BE2132492F54400ED66B4 /* SceneDelegate.swift */ = {isa = PBXFileReference; lastKnownFileType = sourcecode.swift; path = SceneDelegate.swift; sourceTree = "<group>"; };
		B27BE2152492F54400ED66B4 /* FirstViewController.swift */ = {isa = PBXFileReference; lastKnownFileType = sourcecode.swift; path = FirstViewController.swift; sourceTree = "<group>"; };
		B27BE2182492F54400ED66B4 /* Base */ = {isa = PBXFileReference; lastKnownFileType = file.storyboard; name = Base; path = Base.lproj/Main.storyboard; sourceTree = "<group>"; };
		B27BE21A2492F54500ED66B4 /* Assets.xcassets */ = {isa = PBXFileReference; lastKnownFileType = folder.assetcatalog; path = Assets.xcassets; sourceTree = "<group>"; };
		B27BE21D2492F54500ED66B4 /* Base */ = {isa = PBXFileReference; lastKnownFileType = file.storyboard; name = Base; path = Base.lproj/LaunchScreen.storyboard; sourceTree = "<group>"; };
		B27BE21F2492F54500ED66B4 /* Info.plist */ = {isa = PBXFileReference; lastKnownFileType = text.plist.xml; path = Info.plist; sourceTree = "<group>"; };
		B27BE2252493018C00ED66B4 /* FinanceDocument.swift */ = {isa = PBXFileReference; lastKnownFileType = sourcecode.swift; path = FinanceDocument.swift; sourceTree = "<group>"; };
		B27BE22A24943CF100ED66B4 /* deleteBalanceSheetDocument.swift */ = {isa = PBXFileReference; lastKnownFileType = sourcecode.swift; path = deleteBalanceSheetDocument.swift; sourceTree = "<group>"; };
		B27BE22C24943D2100ED66B4 /* deleteCashFlowStatementDocument.swift */ = {isa = PBXFileReference; lastKnownFileType = sourcecode.swift; path = deleteCashFlowStatementDocument.swift; sourceTree = "<group>"; };
		B27BE22E24943D3F00ED66B4 /* deleteCompanyProfileDocument.swift */ = {isa = PBXFileReference; lastKnownFileType = sourcecode.swift; path = deleteCompanyProfileDocument.swift; sourceTree = "<group>"; };
		B27BE23024943DA300ED66B4 /* SecondViewController.swift */ = {isa = PBXFileReference; lastKnownFileType = sourcecode.swift; path = SecondViewController.swift; sourceTree = "<group>"; };
		B27BE23224943DB800ED66B4 /* ThirdViewController.swift */ = {isa = PBXFileReference; lastKnownFileType = sourcecode.swift; path = ThirdViewController.swift; sourceTree = "<group>"; };
		B27BE23424943DCA00ED66B4 /* FourthViewController.swift */ = {isa = PBXFileReference; lastKnownFileType = sourcecode.swift; path = FourthViewController.swift; sourceTree = "<group>"; };
		B27BE2A42495D23C00ED66B4 /* deleteTabBarController.swift */ = {isa = PBXFileReference; lastKnownFileType = sourcecode.swift; path = deleteTabBarController.swift; sourceTree = "<group>"; };
		B27BE2A62496D2B400ED66B4 /* FifthViewController.swift */ = {isa = PBXFileReference; lastKnownFileType = sourcecode.swift; path = FifthViewController.swift; sourceTree = "<group>"; };
/* End PBXFileReference section */

/* Begin PBXFrameworksBuildPhase section */
		B27BE20B2492F54400ED66B4 /* Frameworks */ = {
			isa = PBXFrameworksBuildPhase;
			buildActionMask = 2147483647;
			files = (
				B27BE2292493028C00ED66B4 /* SwiftSoup in Frameworks */,
			);
			runOnlyForDeploymentPostprocessing = 0;
		};
/* End PBXFrameworksBuildPhase section */

/* Begin PBXGroup section */
		B27BE2052492F54300ED66B4 = {
			isa = PBXGroup;
			children = (
				B27BE2102492F54400ED66B4 /* NewFinance */,
				B27BE20F2492F54400ED66B4 /* Products */,
			);
			sourceTree = "<group>";
		};
		B27BE20F2492F54400ED66B4 /* Products */ = {
			isa = PBXGroup;
			children = (
				B27BE20E2492F54400ED66B4 /* NewFinance.app */,
			);
			name = Products;
			sourceTree = "<group>";
		};
		B27BE2102492F54400ED66B4 /* NewFinance */ = {
			isa = PBXGroup;
			children = (
				B27BE2112492F54400ED66B4 /* AppDelegate.swift */,
				B27BE2132492F54400ED66B4 /* SceneDelegate.swift */,
				B27BE2152492F54400ED66B4 /* FirstViewController.swift */,
				B27BE2A62496D2B400ED66B4 /* FifthViewController.swift */,
				B27BE23024943DA300ED66B4 /* SecondViewController.swift */,
				B27BE23224943DB800ED66B4 /* ThirdViewController.swift */,
				B27BE23424943DCA00ED66B4 /* FourthViewController.swift */,
				B27BE2252493018C00ED66B4 /* FinanceDocument.swift */,
				B27BE22A24943CF100ED66B4 /* deleteBalanceSheetDocument.swift */,
				B27BE22C24943D2100ED66B4 /* deleteCashFlowStatementDocument.swift */,
				B27BE22E24943D3F00ED66B4 /* deleteCompanyProfileDocument.swift */,
				B27BE2A42495D23C00ED66B4 /* deleteTabBarController.swift */,
				B27BE2172492F54400ED66B4 /* Main.storyboard */,
				B27BE21A2492F54500ED66B4 /* Assets.xcassets */,
				B27BE21C2492F54500ED66B4 /* LaunchScreen.storyboard */,
				B27BE21F2492F54500ED66B4 /* Info.plist */,
			);
			path = NewFinance;
			sourceTree = "<group>";
		};
/* End PBXGroup section */

/* Begin PBXNativeTarget section */
		B27BE20D2492F54400ED66B4 /* NewFinance */ = {
			isa = PBXNativeTarget;
			buildConfigurationList = B27BE2222492F54500ED66B4 /* Build configuration list for PBXNativeTarget "NewFinance" */;
			buildPhases = (
				B27BE20A2492F54400ED66B4 /* Sources */,
				B27BE20B2492F54400ED66B4 /* Frameworks */,
				B27BE20C2492F54400ED66B4 /* Resources */,
			);
			buildRules = (
			);
			dependencies = (
			);
			name = NewFinance;
			packageProductDependencies = (
				B27BE2282493028C00ED66B4 /* SwiftSoup */,
			);
			productName = NewFinance;
			productReference = B27BE20E2492F54400ED66B4 /* NewFinance.app */;
			productType = "com.apple.product-type.application";
		};
/* End PBXNativeTarget section */

/* Begin PBXProject section */
		B27BE2062492F54300ED66B4 /* Project object */ = {
			isa = PBXProject;
			attributes = {
				LastSwiftUpdateCheck = 1140;
				LastUpgradeCheck = 1140;
				ORGANIZATIONNAME = "Mario Perozo";
				TargetAttributes = {
					B27BE20D2492F54400ED66B4 = {
						CreatedOnToolsVersion = 11.4.1;
					};
				};
			};
			buildConfigurationList = B27BE2092492F54300ED66B4 /* Build configuration list for PBXProject "NewFinance" */;
			compatibilityVersion = "Xcode 9.3";
			developmentRegion = en;
			hasScannedForEncodings = 0;
			knownRegions = (
				en,
				Base,
			);
			mainGroup = B27BE2052492F54300ED66B4;
			packageReferences = (
				B27BE2272493028C00ED66B4 /* XCRemoteSwiftPackageReference "SwiftSoup" */,
			);
			productRefGroup = B27BE20F2492F54400ED66B4 /* Products */;
			projectDirPath = "";
			projectRoot = "";
			targets = (
				B27BE20D2492F54400ED66B4 /* NewFinance */,
			);
		};
/* End PBXProject section */

/* Begin PBXResourcesBuildPhase section */
		B27BE20C2492F54400ED66B4 /* Resources */ = {
			isa = PBXResourcesBuildPhase;
			buildActionMask = 2147483647;
			files = (
				B27BE21E2492F54500ED66B4 /* LaunchScreen.storyboard in Resources */,
				B27BE21B2492F54500ED66B4 /* Assets.xcassets in Resources */,
				B27BE2192492F54400ED66B4 /* Main.storyboard in Resources */,
			);
			runOnlyForDeploymentPostprocessing = 0;
		};
/* End PBXResourcesBuildPhase section */

/* Begin PBXSourcesBuildPhase section */
		B27BE20A2492F54400ED66B4 /* Sources */ = {
			isa = PBXSourcesBuildPhase;
			buildActionMask = 2147483647;
			files = (
				B27BE2A72496D2B400ED66B4 /* FifthViewController.swift in Sources */,
				B27BE23124943DA300ED66B4 /* SecondViewController.swift in Sources */,
				B27BE23324943DB800ED66B4 /* ThirdViewController.swift in Sources */,
				B27BE2A52495D23C00ED66B4 /* deleteTabBarController.swift in Sources */,
				B27BE2162492F54400ED66B4 /* FirstViewController.swift in Sources */,
				B27BE22F24943D3F00ED66B4 /* deleteCompanyProfileDocument.swift in Sources */,
				B27BE23524943DCA00ED66B4 /* FourthViewController.swift in Sources */,
				B27BE2122492F54400ED66B4 /* AppDelegate.swift in Sources */,
				B27BE2262493018C00ED66B4 /* FinanceDocument.swift in Sources */,
				B27BE22D24943D2100ED66B4 /* deleteCashFlowStatementDocument.swift in Sources */,
				B27BE22B24943CF100ED66B4 /* deleteBalanceSheetDocument.swift in Sources */,
				B27BE2142492F54400ED66B4 /* SceneDelegate.swift in Sources */,
			);
			runOnlyForDeploymentPostprocessing = 0;
		};
/* End PBXSourcesBuildPhase section */

/* Begin PBXVariantGroup section */
		B27BE2172492F54400ED66B4 /* Main.storyboard */ = {
			isa = PBXVariantGroup;
			children = (
				B27BE2182492F54400ED66B4 /* Base */,
			);
			name = Main.storyboard;
			sourceTree = "<group>";
		};
		B27BE21C2492F54500ED66B4 /* LaunchScreen.storyboard */ = {
			isa = PBXVariantGroup;
			children = (
				B27BE21D2492F54500ED66B4 /* Base */,
			);
			name = LaunchScreen.storyboard;
			sourceTree = "<group>";
		};
/* End PBXVariantGroup section */

/* Begin XCBuildConfiguration section */
		B27BE2202492F54500ED66B4 /* Debug */ = {
			isa = XCBuildConfiguration;
			buildSettings = {
				ALWAYS_SEARCH_USER_PATHS = NO;
				CLANG_ANALYZER_NONNULL = YES;
				CLANG_ANALYZER_NUMBER_OBJECT_CONVERSION = YES_AGGRESSIVE;
				CLANG_CXX_LANGUAGE_STANDARD = "gnu++14";
				CLANG_CXX_LIBRARY = "libc++";
				CLANG_ENABLE_MODULES = YES;
				CLANG_ENABLE_OBJC_ARC = YES;
				CLANG_ENABLE_OBJC_WEAK = YES;
				CLANG_WARN_BLOCK_CAPTURE_AUTORELEASING = YES;
				CLANG_WARN_BOOL_CONVERSION = YES;
				CLANG_WARN_COMMA = YES;
				CLANG_WARN_CONSTANT_CONVERSION = YES;
				CLANG_WARN_DEPRECATED_OBJC_IMPLEMENTATIONS = YES;
				CLANG_WARN_DIRECT_OBJC_ISA_USAGE = YES_ERROR;
				CLANG_WARN_DOCUMENTATION_COMMENTS = YES;
				CLANG_WARN_EMPTY_BODY = YES;
				CLANG_WARN_ENUM_CONVERSION = YES;
				CLANG_WARN_INFINITE_RECURSION = YES;
				CLANG_WARN_INT_CONVERSION = YES;
				CLANG_WARN_NON_LITERAL_NULL_CONVERSION = YES;
				CLANG_WARN_OBJC_IMPLICIT_RETAIN_SELF = YES;
				CLANG_WARN_OBJC_LITERAL_CONVERSION = YES;
				CLANG_WARN_OBJC_ROOT_CLASS = YES_ERROR;
				CLANG_WARN_RANGE_LOOP_ANALYSIS = YES;
				CLANG_WARN_STRICT_PROTOTYPES = YES;
				CLANG_WARN_SUSPICIOUS_MOVE = YES;
				CLANG_WARN_UNGUARDED_AVAILABILITY = YES_AGGRESSIVE;
				CLANG_WARN_UNREACHABLE_CODE = YES;
				CLANG_WARN__DUPLICATE_METHOD_MATCH = YES;
				COPY_PHASE_STRIP = NO;
				DEBUG_INFORMATION_FORMAT = dwarf;
				ENABLE_STRICT_OBJC_MSGSEND = YES;
				ENABLE_TESTABILITY = YES;
				GCC_C_LANGUAGE_STANDARD = gnu11;
				GCC_DYNAMIC_NO_PIC = NO;
				GCC_NO_COMMON_BLOCKS = YES;
				GCC_OPTIMIZATION_LEVEL = 0;
				GCC_PREPROCESSOR_DEFINITIONS = (
					"DEBUG=1",
					"$(inherited)",
				);
				GCC_WARN_64_TO_32_BIT_CONVERSION = YES;
				GCC_WARN_ABOUT_RETURN_TYPE = YES_ERROR;
				GCC_WARN_UNDECLARED_SELECTOR = YES;
				GCC_WARN_UNINITIALIZED_AUTOS = YES_AGGRESSIVE;
				GCC_WARN_UNUSED_FUNCTION = YES;
				GCC_WARN_UNUSED_VARIABLE = YES;
				IPHONEOS_DEPLOYMENT_TARGET = 13.4;
				MTL_ENABLE_DEBUG_INFO = INCLUDE_SOURCE;
				MTL_FAST_MATH = YES;
				ONLY_ACTIVE_ARCH = YES;
				SDKROOT = iphoneos;
				SWIFT_ACTIVE_COMPILATION_CONDITIONS = DEBUG;
				SWIFT_OPTIMIZATION_LEVEL = "-Onone";
			};
			name = Debug;
		};
		B27BE2212492F54500ED66B4 /* Release */ = {
			isa = XCBuildConfiguration;
			buildSettings = {
				ALWAYS_SEARCH_USER_PATHS = NO;
				CLANG_ANALYZER_NONNULL = YES;
				CLANG_ANALYZER_NUMBER_OBJECT_CONVERSION = YES_AGGRESSIVE;
				CLANG_CXX_LANGUAGE_STANDARD = "gnu++14";
				CLANG_CXX_LIBRARY = "libc++";
				CLANG_ENABLE_MODULES = YES;
				CLANG_ENABLE_OBJC_ARC = YES;
				CLANG_ENABLE_OBJC_WEAK = YES;
				CLANG_WARN_BLOCK_CAPTURE_AUTORELEASING = YES;
				CLANG_WARN_BOOL_CONVERSION = YES;
				CLANG_WARN_COMMA = YES;
				CLANG_WARN_CONSTANT_CONVERSION = YES;
				CLANG_WARN_DEPRECATED_OBJC_IMPLEMENTATIONS = YES;
				CLANG_WARN_DIRECT_OBJC_ISA_USAGE = YES_ERROR;
				CLANG_WARN_DOCUMENTATION_COMMENTS = YES;
				CLANG_WARN_EMPTY_BODY = YES;
				CLANG_WARN_ENUM_CONVERSION = YES;
				CLANG_WARN_INFINITE_RECURSION = YES;
				CLANG_WARN_INT_CONVERSION = YES;
				CLANG_WARN_NON_LITERAL_NULL_CONVERSION = YES;
				CLANG_WARN_OBJC_IMPLICIT_RETAIN_SELF = YES;
				CLANG_WARN_OBJC_LITERAL_CONVERSION = YES;
				CLANG_WARN_OBJC_ROOT_CLASS = YES_ERROR;
				CLANG_WARN_RANGE_LOOP_ANALYSIS = YES;
				CLANG_WARN_STRICT_PROTOTYPES = YES;
				CLANG_WARN_SUSPICIOUS_MOVE = YES;
				CLANG_WARN_UNGUARDED_AVAILABILITY = YES_AGGRESSIVE;
				CLANG_WARN_UNREACHABLE_CODE = YES;
				CLANG_WARN__DUPLICATE_METHOD_MATCH = YES;
				COPY_PHASE_STRIP = NO;
				DEBUG_INFORMATION_FORMAT = "dwarf-with-dsym";
				ENABLE_NS_ASSERTIONS = NO;
				ENABLE_STRICT_OBJC_MSGSEND = YES;
				GCC_C_LANGUAGE_STANDARD = gnu11;
				GCC_NO_COMMON_BLOCKS = YES;
				GCC_WARN_64_TO_32_BIT_CONVERSION = YES;
				GCC_WARN_ABOUT_RETURN_TYPE = YES_ERROR;
				GCC_WARN_UNDECLARED_SELECTOR = YES;
				GCC_WARN_UNINITIALIZED_AUTOS = YES_AGGRESSIVE;
				GCC_WARN_UNUSED_FUNCTION = YES;
				GCC_WARN_UNUSED_VARIABLE = YES;
				IPHONEOS_DEPLOYMENT_TARGET = 13.4;
				MTL_ENABLE_DEBUG_INFO = NO;
				MTL_FAST_MATH = YES;
				SDKROOT = iphoneos;
				SWIFT_COMPILATION_MODE = wholemodule;
				SWIFT_OPTIMIZATION_LEVEL = "-O";
				VALIDATE_PRODUCT = YES;
			};
			name = Release;
		};
		B27BE2232492F54500ED66B4 /* Debug */ = {
			isa = XCBuildConfiguration;
			buildSettings = {
				ASSETCATALOG_COMPILER_APPICON_NAME = AppIcon;
				CODE_SIGN_STYLE = Automatic;
				DEVELOPMENT_TEAM = R6T7RY86SY;
				INFOPLIST_FILE = NewFinance/Info.plist;
				LD_RUNPATH_SEARCH_PATHS = (
					"$(inherited)",
					"@executable_path/Frameworks",
				);
				PRODUCT_BUNDLE_IDENTIFIER = com.patatech.NewFinance;
				PRODUCT_NAME = "$(TARGET_NAME)";
				SWIFT_VERSION = 5.0;
				TARGETED_DEVICE_FAMILY = "1,2";
			};
			name = Debug;
		};
		B27BE2242492F54500ED66B4 /* Release */ = {
			isa = XCBuildConfiguration;
			buildSettings = {
				ASSETCATALOG_COMPILER_APPICON_NAME = AppIcon;
				CODE_SIGN_STYLE = Automatic;
				DEVELOPMENT_TEAM = R6T7RY86SY;
				INFOPLIST_FILE = NewFinance/Info.plist;
				LD_RUNPATH_SEARCH_PATHS = (
					"$(inherited)",
					"@executable_path/Frameworks",
				);
				PRODUCT_BUNDLE_IDENTIFIER = com.patatech.NewFinance;
				PRODUCT_NAME = "$(TARGET_NAME)";
				SWIFT_VERSION = 5.0;
				TARGETED_DEVICE_FAMILY = "1,2";
			};
			name = Release;
		};
/* End XCBuildConfiguration section */

/* Begin XCConfigurationList section */
		B27BE2092492F54300ED66B4 /* Build configuration list for PBXProject "NewFinance" */ = {
			isa = XCConfigurationList;
			buildConfigurations = (
				B27BE2202492F54500ED66B4 /* Debug */,
				B27BE2212492F54500ED66B4 /* Release */,
			);
			defaultConfigurationIsVisible = 0;
			defaultConfigurationName = Release;
		};
		B27BE2222492F54500ED66B4 /* Build configuration list for PBXNativeTarget "NewFinance" */ = {
			isa = XCConfigurationList;
			buildConfigurations = (
				B27BE2232492F54500ED66B4 /* Debug */,
				B27BE2242492F54500ED66B4 /* Release */,
			);
			defaultConfigurationIsVisible = 0;
			defaultConfigurationName = Release;
		};
/* End XCConfigurationList section */

/* Begin XCRemoteSwiftPackageReference section */
		B27BE2272493028C00ED66B4 /* XCRemoteSwiftPackageReference "SwiftSoup" */ = {
			isa = XCRemoteSwiftPackageReference;
			repositoryURL = "https://github.com/scinfu/SwiftSoup.git";
			requirement = {
				kind = upToNextMajorVersion;
				minimumVersion = 2.3.2;
			};
		};
/* End XCRemoteSwiftPackageReference section */

/* Begin XCSwiftPackageProductDependency section */
		B27BE2282493028C00ED66B4 /* SwiftSoup */ = {
			isa = XCSwiftPackageProductDependency;
			package = B27BE2272493028C00ED66B4 /* XCRemoteSwiftPackageReference "SwiftSoup" */;
			productName = SwiftSoup;
		};
/* End XCSwiftPackageProductDependency section */
	};
	rootObject = B27BE2062492F54300ED66B4 /* Project object */;
}
